
Microsoft Visual Studio Solution File, Format Version 12.00
# Visual Studio Version 17
VisualStudioVersion = 17.0.32126.317
MinimumVisualStudioVersion = 10.0.40219.1
Project("{FAE04EC0-301F-11D3-BF4B-00C04F79EFBC}") = "Ahorcado_JuanjoSA", "Ahorcado_JuanjoSA\Ahorcado_JuanjoSA.csproj", "{272EF585-B172-4082-B0A2-A4AED1808341}"
EndProject
Global
	GlobalSection(SolutionConfigurationPlatforms) = preSolution
		Debug|Any CPU = Debug|Any CPU
		Release|Any CPU = Release|Any CPU
	EndGlobalSection
	GlobalSection(ProjectConfigurationPlatforms) = postSolution
		{272EF585-B172-4082-B0A2-A4AED1808341}.Debug|Any CPU.ActiveCfg = Debug|Any CPU
		{272EF585-B172-4082-B0A2-A4AED1808341}.Debug|Any CPU.Build.0 = Debug|Any CPU
		{272EF585-B172-4082-B0A2-A4AED1808341}.Release|Any CPU.ActiveCfg = Release|Any CPU
		{272EF585-B172-4082-B0A2-A4AED1808341}.Release|Any CPU.Build.0 = Release|Any CPU
	EndGlobalSection
	GlobalSection(SolutionProperties) = preSolution
		HideSolutionNode = FALSE
	EndGlobalSection
	GlobalSection(ExtensibilityGlobals) = postSolution
		SolutionGuid = {EADE4C5F-907A-41F1-86DC-1A3A88DEA503}
	EndGlobalSection
EndGlobal
